
Microsoft Visual Studio Solution File, Format Version 9.00
# Visual C++ Express 2005
Project("{8BC9CEB8-8B4A-11D0-8D11-00A0C91BC942}") = "PCXView", "PCXView.vcproj", "{A6395D22-1CE5-457E-A14F-CB019EA5FC14}"
EndProject
Global
	GlobalSection(SolutionConfigurationPlatforms) = preSolution
		Debug|Win32 = Debug|Win32
		Release|Win32 = Release|Win32
	EndGlobalSection
	GlobalSection(ProjectConfigurationPlatforms) = postSolution
		{A6395D22-1CE5-457E-A14F-CB019EA5FC14}.Debug|Win32.ActiveCfg = Debug|Win32
		{A6395D22-1CE5-457E-A14F-CB019EA5FC14}.Debug|Win32.Build.0 = Debug|Win32
		{A6395D22-1CE5-457E-A14F-CB019EA5FC14}.Release|Win32.ActiveCfg = Release|Win32
		{A6395D22-1CE5-457E-A14F-CB019EA5FC14}.Release|Win32.Build.0 = Release|Win32
	EndGlobalSection
	GlobalSection(SolutionProperties) = preSolution
		HideSolutionNode = FALSE
	EndGlobalSection
EndGlobal
